
Microsoft Visual Studio Solution File, Format Version 12.00
# Visual Studio Version 17
VisualStudioVersion = 17.8.34309.116
MinimumVisualStudioVersion = 10.0.40219.1
Project("{8BC9CEB8-8B4A-11D0-8D11-00A0C91BC942}") = "days_numbers", "days_numbers\days_numbers.vcxproj", "{EBA44DA7-ABEB-4928-A2B1-BF2728FCCAD9}"
EndProject
Project("{8BC9CEB8-8B4A-11D0-8D11-00A0C91BC942}") = "dop1", "dop1\dop1.vcxproj", "{82322FCE-4545-42C6-A465-85CD8EEF3C17}"
EndProject
Global
	GlobalSection(SolutionConfigurationPlatforms) = preSolution
		Debug|x64 = Debug|x64
		Debug|x86 = Debug|x86
		Release|x64 = Release|x64
		Release|x86 = Release|x86
	EndGlobalSection
	GlobalSection(ProjectConfigurationPlatforms) = postSolution
		{EBA44DA7-ABEB-4928-A2B1-BF2728FCCAD9}.Debug|x64.ActiveCfg = Debug|x64
		{EBA44DA7-ABEB-4928-A2B1-BF2728FCCAD9}.Debug|x64.Build.0 = Debug|x64
		{EBA44DA7-ABEB-4928-A2B1-BF2728FCCAD9}.Debug|x86.ActiveCfg = Debug|Win32
		{EBA44DA7-ABEB-4928-A2B1-BF2728FCCAD9}.Debug|x86.Build.0 = Debug|Win32
		{EBA44DA7-ABEB-4928-A2B1-BF2728FCCAD9}.Release|x64.ActiveCfg = Release|x64
		{EBA44DA7-ABEB-4928-A2B1-BF2728FCCAD9}.Release|x64.Build.0 = Release|x64
		{EBA44DA7-ABEB-4928-A2B1-BF2728FCCAD9}.Release|x86.ActiveCfg = Release|Win32
		{EBA44DA7-ABEB-4928-A2B1-BF2728FCCAD9}.Release|x86.Build.0 = Release|Win32
		{82322FCE-4545-42C6-A465-85CD8EEF3C17}.Debug|x64.ActiveCfg = Debug|x64
		{82322FCE-4545-42C6-A465-85CD8EEF3C17}.Debug|x64.Build.0 = Debug|x64
		{82322FCE-4545-42C6-A465-85CD8EEF3C17}.Debug|x86.ActiveCfg = Debug|Win32
		{82322FCE-4545-42C6-A465-85CD8EEF3C17}.Debug|x86.Build.0 = Debug|Win32
		{82322FCE-4545-42C6-A465-85CD8EEF3C17}.Release|x64.ActiveCfg = Release|x64
		{82322FCE-4545-42C6-A465-85CD8EEF3C17}.Release|x64.Build.0 = Release|x64
		{82322FCE-4545-42C6-A465-85CD8EEF3C17}.Release|x86.ActiveCfg = Release|Win32
		{82322FCE-4545-42C6-A465-85CD8EEF3C17}.Release|x86.Build.0 = Release|Win32
	EndGlobalSection
	GlobalSection(SolutionProperties) = preSolution
		HideSolutionNode = FALSE
	EndGlobalSection
	GlobalSection(ExtensibilityGlobals) = postSolution
		SolutionGuid = {49B3CC5E-E456-488D-B763-902AC0DCB5A1}
	EndGlobalSection
EndGlobal
